{
    "name": "12_arbeitsblatt25_simplenodejs",
    "version": "1.0.0",
    "lockfileVersion": 1,
    "requires": true,
    "dependencies": {
        "@types/dotenv": {
            "version": "4.0.3",
            "resolved": "http://registry.npmjs.org/@types/dotenv/-/dotenv-4.0.3.tgz",
            "integrity": "sha512-mmhpINC/HcLGQK5ikFJlLXINVvcxhlrV+ZOUJSN7/ottYl+8X4oSXzS9lBtDkmWAl96EGyGyLrNvk9zqdSH8Fw==",
            "requires": {
                "@types/node": "10.12.14"
            }
        },
        "@types/node": {
            "version": "10.12.14",
            "resolved": "https://registry.npmjs.org/@types/node/-/node-10.12.14.tgz",
            "integrity": "sha512-0rVcFRhM93kRGAU88ASCjX9Y3FWDCh+33G5Z5evpKOea4xcpLqDGwmo64+DjgaSezTN5j9KdnUzvxhOw7fNciQ=="
        },
        "auto-parse": {
            "version": "1.6.0",
            "resolved": "https://registry.npmjs.org/auto-parse/-/auto-parse-1.6.0.tgz",
            "integrity": "sha512-bxQzTBuQxezN8G4d2kd8U7ozJ1vUlEFwa7RVbBIL7IH8nxWikCup/JcdMadEFwnHRUFuJrlYo7i0domuFSXp4w==",
            "requires": {
                "typpy": "2.3.10"
            }
        },
        "camelcase": {
            "version": "5.0.0",
            "resolved": "https://registry.npmjs.org/camelcase/-/camelcase-5.0.0.tgz",
            "integrity": "sha512-faqwZqnWxbxn+F1d399ygeamQNy3lPp/H9H6rNrqYh4FSVCtcY+3cub1MxA8o9mDd55mM8Aghuu/kuyYA6VTsA=="
        },
        "circular-json": {
            "version": "0.5.9",
            "resolved": "https://registry.npmjs.org/circular-json/-/circular-json-0.5.9.tgz",
            "integrity": "sha512-4ivwqHpIFJZBuhN3g/pEcdbnGUywkBblloGbkglyloVjjR3uT6tieI89MVOfbP2tHX5sgb01FuLgAOzebNlJNQ=="
        },
        "core-util-is": {
            "version": "1.0.2",
            "resolved": "https://registry.npmjs.org/core-util-is/-/core-util-is-1.0.2.tgz",
            "integrity": "sha1-tf1UIgqivFq1eqtxQMlAdUUDwac="
        },
        "cross-spawn": {
            "version": "6.0.5",
            "resolved": "https://registry.npmjs.org/cross-spawn/-/cross-spawn-6.0.5.tgz",
            "integrity": "sha512-eTVLrBSt7fjbDygz805pMnstIs2VTBNkRm0qxZd+M7A5XDdxVRWO5MxGBXZhjY4cqLYLdtrGqRf8mBPmzwSpWQ==",
            "requires": {
                "nice-try": "1.0.5",
                "path-key": "2.0.1",
                "semver": "5.6.0",
                "shebang-command": "1.2.0",
                "which": "1.3.1"
            }
        },
        "date-format": {
            "version": "1.2.0",
            "resolved": "https://registry.npmjs.org/date-format/-/date-format-1.2.0.tgz",
            "integrity": "sha1-YV6CjiM90aubua4JUODOzPpuytg="
        },
        "debug": {
            "version": "3.2.6",
            "resolved": "https://registry.npmjs.org/debug/-/debug-3.2.6.tgz",
            "integrity": "sha512-mel+jf7nrtEl5Pn1Qx46zARXKDpBbvzezse7p7LqINmdoIk8PYP5SySaxEmYv6TZ0JyEKA1hsCId6DIhgITtWQ==",
            "requires": {
                "ms": "2.1.1"
            }
        },
        "dotenv": {
            "version": "6.0.0",
            "resolved": "https://registry.npmjs.org/dotenv/-/dotenv-6.0.0.tgz",
            "integrity": "sha512-FlWbnhgjtwD+uNLUGHbMykMOYQaTivdHEmYwAKFjn6GKe/CqY0fNae93ZHTd20snh9ZLr8mTzIL9m0APQ1pjQg=="
        },
        "dotenv-extended": {
            "version": "2.3.0",
            "resolved": "https://registry.npmjs.org/dotenv-extended/-/dotenv-extended-2.3.0.tgz",
            "integrity": "sha512-QrFPzMr25tkdEesy2vJQDk0Yqs1Wy0IWSngaU/QNnQfukG735kXp3K+YfW6CMcR/N/3BGw5oIqyBLtGU8a5SZQ==",
            "requires": {
                "@types/dotenv": "4.0.3",
                "auto-parse": "1.6.0",
                "camelcase": "5.0.0",
                "cross-spawn": "6.0.5",
                "dotenv": "6.0.0",
                "is-windows": "1.0.2",
                "lodash": "4.17.11"
            }
        },
        "function.name": {
            "version": "1.0.11",
            "resolved": "https://registry.npmjs.org/function.name/-/function.name-1.0.11.tgz",
            "integrity": "sha512-dR60geqE4iI/siyBiWGcUjrQNtMqvToGXR/RkVkSSm4iH8FiHkIx2ljUFFiOZMbgBl/N9o9+VzikNp2hVV6y2Q==",
            "requires": {
                "noop6": "1.0.7"
            }
        },
        "inherits": {
            "version": "2.0.3",
            "resolved": "https://registry.npmjs.org/inherits/-/inherits-2.0.3.tgz",
            "integrity": "sha1-Yzwsg+PaQqUC9SRmAiSA9CCCYd4="
        },
        "is-windows": {
            "version": "1.0.2",
            "resolved": "https://registry.npmjs.org/is-windows/-/is-windows-1.0.2.tgz",
            "integrity": "sha512-eXK1UInq2bPmjyX6e3VHIzMLobc4J94i4AWn+Hpq3OU5KkrRC96OAcR3PRJ/pGu6m8TRnBHP9dkXQVsT/COVIA=="
        },
        "isarray": {
            "version": "1.0.0",
            "resolved": "https://registry.npmjs.org/isarray/-/isarray-1.0.0.tgz",
            "integrity": "sha1-u5NdSFgsuhaMBoNJV6VKPgcSTxE="
        },
        "isexe": {
            "version": "2.0.0",
            "resolved": "https://registry.npmjs.org/isexe/-/isexe-2.0.0.tgz",
            "integrity": "sha1-6PvzdNxVb/iUehDcsFctYz8s+hA="
        },
        "lodash": {
            "version": "4.17.11",
            "resolved": "https://registry.npmjs.org/lodash/-/lodash-4.17.11.tgz",
            "integrity": "sha512-cQKh8igo5QUhZ7lg38DYWAxMvjSAKG0A8wGSVimP07SIUEK2UO+arSRKbRZWtelMtN5V0Hkwh5ryOto/SshYIg=="
        },
        "log4js": {
            "version": "3.0.6",
            "resolved": "https://registry.npmjs.org/log4js/-/log4js-3.0.6.tgz",
            "integrity": "sha512-ezXZk6oPJCWL483zj64pNkMuY/NcRX5MPiB0zE6tjZM137aeusrOnW1ecxgF9cmwMWkBMhjteQxBPoZBh9FDxQ==",
            "requires": {
                "circular-json": "0.5.9",
                "date-format": "1.2.0",
                "debug": "3.2.6",
                "rfdc": "1.1.2",
                "streamroller": "0.7.0"
            }
        },
        "minimist": {
            "version": "0.0.8",
            "resolved": "http://registry.npmjs.org/minimist/-/minimist-0.0.8.tgz",
            "integrity": "sha1-hX/Kv8M5fSYluCKCYuhqp6ARsF0="
        },
        "mkdirp": {
            "version": "0.5.1",
            "resolved": "http://registry.npmjs.org/mkdirp/-/mkdirp-0.5.1.tgz",
            "integrity": "sha1-MAV0OOrGz3+MR2fzhkjWaX11yQM=",
            "requires": {
                "minimist": "0.0.8"
            }
        },
        "ms": {
            "version": "2.1.1",
            "resolved": "https://registry.npmjs.org/ms/-/ms-2.1.1.tgz",
            "integrity": "sha512-tgp+dl5cGk28utYktBsrFqA7HKgrhgPsg6Z/EfhWI4gl1Hwq8B/GmY/0oXZ6nF8hDVesS/FpnYaD/kOWhYQvyg=="
        },
        "nice-try": {
            "version": "1.0.5",
            "resolved": "https://registry.npmjs.org/nice-try/-/nice-try-1.0.5.tgz",
            "integrity": "sha512-1nh45deeb5olNY7eX82BkPO7SSxR5SSYJiPTrTdFUVYwAl8CKMA5N9PjTYkHiRjisVcxcQ1HXdLhx2qxxJzLNQ=="
        },
        "noop6": {
            "version": "1.0.7",
            "resolved": "https://registry.npmjs.org/noop6/-/noop6-1.0.7.tgz",
            "integrity": "sha1-lnZ78gWLpZyoy5FVk0fdyAI5+o4="
        },
        "path-key": {
            "version": "2.0.1",
            "resolved": "https://registry.npmjs.org/path-key/-/path-key-2.0.1.tgz",
            "integrity": "sha1-QRyttXTFoUDTpLGRDUDYDMn0C0A="
        },
        "process-nextick-args": {
            "version": "2.0.0",
            "resolved": "https://registry.npmjs.org/process-nextick-args/-/process-nextick-args-2.0.0.tgz",
            "integrity": "sha512-MtEC1TqN0EU5nephaJ4rAtThHtC86dNN9qCuEhtshvpVBkAW5ZO7BASN9REnF9eoXGcRub+pFuKEpOHE+HbEMw=="
        },
        "readable-stream": {
            "version": "2.3.6",
            "resolved": "http://registry.npmjs.org/readable-stream/-/readable-stream-2.3.6.tgz",
            "integrity": "sha512-tQtKA9WIAhBF3+VLAseyMqZeBjW0AHJoxOtYqSUZNJxauErmLbVm2FW1y+J/YA9dUrAC39ITejlZWhVIwawkKw==",
            "requires": {
                "core-util-is": "1.0.2",
                "inherits": "2.0.3",
                "isarray": "1.0.0",
                "process-nextick-args": "2.0.0",
                "safe-buffer": "5.1.2",
                "string_decoder": "1.1.1",
                "util-deprecate": "1.0.2"
            }
        },
        "rfdc": {
            "version": "1.1.2",
            "resolved": "https://registry.npmjs.org/rfdc/-/rfdc-1.1.2.tgz",
            "integrity": "sha512-92ktAgvZhBzYTIK0Mja9uen5q5J3NRVMoDkJL2VMwq6SXjVCgqvQeVP2XAaUY6HT+XpQYeLSjb3UoitBryKmdA=="
        },
        "safe-buffer": {
            "version": "5.1.2",
            "resolved": "https://registry.npmjs.org/safe-buffer/-/safe-buffer-5.1.2.tgz",
            "integrity": "sha512-Gd2UZBJDkXlY7GbJxfsE8/nvKkUEU1G38c1siN6QP6a9PT9MmHB8GnpscSmMJSoF8LOIrt8ud/wPtojys4G6+g=="
        },
        "semver": {
            "version": "5.6.0",
            "resolved": "https://registry.npmjs.org/semver/-/semver-5.6.0.tgz",
            "integrity": "sha512-RS9R6R35NYgQn++fkDWaOmqGoj4Ek9gGs+DPxNUZKuwE183xjJroKvyo1IzVFeXvUrvmALy6FWD5xrdJT25gMg=="
        },
        "shebang-command": {
            "version": "1.2.0",
            "resolved": "https://registry.npmjs.org/shebang-command/-/shebang-command-1.2.0.tgz",
            "integrity": "sha1-RKrGW2lbAzmJaMOfNj/uXer98eo=",
            "requires": {
                "shebang-regex": "1.0.0"
            }
        },
        "shebang-regex": {
            "version": "1.0.0",
            "resolved": "https://registry.npmjs.org/shebang-regex/-/shebang-regex-1.0.0.tgz",
            "integrity": "sha1-2kL0l0DAtC2yypcoVxyxkMmO/qM="
        },
        "streamroller": {
            "version": "0.7.0",
            "resolved": "https://registry.npmjs.org/streamroller/-/streamroller-0.7.0.tgz",
            "integrity": "sha512-WREzfy0r0zUqp3lGO096wRuUp7ho1X6uo/7DJfTlEi0Iv/4gT7YHqXDjKC2ioVGBZtE8QzsQD9nx1nIuoZ57jQ==",
            "requires": {
                "date-format": "1.2.0",
                "debug": "3.2.6",
                "mkdirp": "0.5.1",
                "readable-stream": "2.3.6"
            }
        },
        "string_decoder": {
            "version": "1.1.1",
            "resolved": "http://registry.npmjs.org/string_decoder/-/string_decoder-1.1.1.tgz",
            "integrity": "sha512-n/ShnvDi6FHbbVfviro+WojiFzv+s8MPMHBczVePfUpDJLwoLT0ht1l4YwBCbi8pJAveEEdnkHyPyTP/mzRfwg==",
            "requires": {
                "safe-buffer": "5.1.2"
            }
        },
        "typpy": {
            "version": "2.3.10",
            "resolved": "https://registry.npmjs.org/typpy/-/typpy-2.3.10.tgz",
            "integrity": "sha512-DKiSmYeXF4q+K0H999sVROLjwsngad5AloblLo72No+xVT9W09ytUIOCC/3puHsf+Dsf8M2hoPds0H1HwJgQqg==",
            "requires": {
                "function.name": "1.0.11"
            }
        },
        "util-deprecate": {
            "version": "1.0.2",
            "resolved": "https://registry.npmjs.org/util-deprecate/-/util-deprecate-1.0.2.tgz",
            "integrity": "sha1-RQ1Nyfpw3nMnYvvS1KKJgUGaDM8="
        },
        "which": {
            "version": "1.3.1",
            "resolved": "https://registry.npmjs.org/which/-/which-1.3.1.tgz",
            "integrity": "sha512-HxJdYWq1MTIQbJ3nw0cqssHoTNU267KlrDuGZ1WYlxDStUtKUhOaJmh112/TZmHxxUfuJqPXSOm7tDyas0OSIQ==",
            "requires": {
                "isexe": "2.0.0"
            }
        }
    }
}
